
Microsoft Visual Studio Solution File, Format Version 12.00
# Visual Studio Version 16
VisualStudioVersion = 16.0.31515.178
MinimumVisualStudioVersion = 10.0.40219.1
Project("{9A19103F-16F7-4668-BE54-9A1E7A4F7556}") = "DataAccess", "DataAccess\DataAccess.csproj", "{63487746-F9A6-4BD4-AD1F-B2E020A7C318}"
EndProject
Project("{9A19103F-16F7-4668-BE54-9A1E7A4F7556}") = "Business", "Business\Business.csproj", "{4ABA7CDF-826F-4901-9E26-0E30E8EEF3C3}"
EndProject
Project("{9A19103F-16F7-4668-BE54-9A1E7A4F7556}") = "Entities", "Entities\Entities.csproj", "{DE4AA2F4-5C6C-445C-8154-413667F2310A}"
EndProject
Project("{9A19103F-16F7-4668-BE54-9A1E7A4F7556}") = "ConsoleUI", "ConsoleUI\ConsoleUI.csproj", "{750C6A74-3D83-47FA-A755-B0F423646505}"
EndProject
Project("{FAE04EC0-301F-11D3-BF4B-00C04F79EFBC}") = "Core", "Core\Core.csproj", "{36CCBFA2-BB2C-4BA5-B0EC-9F46ECDC94C4}"
EndProject
Global
	GlobalSection(SolutionConfigurationPlatforms) = preSolution
		Debug|Any CPU = Debug|Any CPU
		Release|Any CPU = Release|Any CPU
	EndGlobalSection
	GlobalSection(ProjectConfigurationPlatforms) = postSolution
		{63487746-F9A6-4BD4-AD1F-B2E020A7C318}.Debug|Any CPU.ActiveCfg = Debug|Any CPU
		{63487746-F9A6-4BD4-AD1F-B2E020A7C318}.Debug|Any CPU.Build.0 = Debug|Any CPU
		{63487746-F9A6-4BD4-AD1F-B2E020A7C318}.Release|Any CPU.ActiveCfg = Release|Any CPU
		{63487746-F9A6-4BD4-AD1F-B2E020A7C318}.Release|Any CPU.Build.0 = Release|Any CPU
		{4ABA7CDF-826F-4901-9E26-0E30E8EEF3C3}.Debug|Any CPU.ActiveCfg = Debug|Any CPU
		{4ABA7CDF-826F-4901-9E26-0E30E8EEF3C3}.Debug|Any CPU.Build.0 = Debug|Any CPU
		{4ABA7CDF-826F-4901-9E26-0E30E8EEF3C3}.Release|Any CPU.ActiveCfg = Release|Any CPU
		{4ABA7CDF-826F-4901-9E26-0E30E8EEF3C3}.Release|Any CPU.Build.0 = Release|Any CPU
		{DE4AA2F4-5C6C-445C-8154-413667F2310A}.Debug|Any CPU.ActiveCfg = Debug|Any CPU
		{DE4AA2F4-5C6C-445C-8154-413667F2310A}.Debug|Any CPU.Build.0 = Debug|Any CPU
		{DE4AA2F4-5C6C-445C-8154-413667F2310A}.Release|Any CPU.ActiveCfg = Release|Any CPU
		{DE4AA2F4-5C6C-445C-8154-413667F2310A}.Release|Any CPU.Build.0 = Release|Any CPU
		{750C6A74-3D83-47FA-A755-B0F423646505}.Debug|Any CPU.ActiveCfg = Debug|Any CPU
		{750C6A74-3D83-47FA-A755-B0F423646505}.Debug|Any CPU.Build.0 = Debug|Any CPU
		{750C6A74-3D83-47FA-A755-B0F423646505}.Release|Any CPU.ActiveCfg = Release|Any CPU
		{750C6A74-3D83-47FA-A755-B0F423646505}.Release|Any CPU.Build.0 = Release|Any CPU
		{36CCBFA2-BB2C-4BA5-B0EC-9F46ECDC94C4}.Debug|Any CPU.ActiveCfg = Debug|Any CPU
		{36CCBFA2-BB2C-4BA5-B0EC-9F46ECDC94C4}.Debug|Any CPU.Build.0 = Debug|Any CPU
		{36CCBFA2-BB2C-4BA5-B0EC-9F46ECDC94C4}.Release|Any CPU.ActiveCfg = Release|Any CPU
		{36CCBFA2-BB2C-4BA5-B0EC-9F46ECDC94C4}.Release|Any CPU.Build.0 = Release|Any CPU
	EndGlobalSection
	GlobalSection(SolutionProperties) = preSolution
		HideSolutionNode = FALSE
	EndGlobalSection
	GlobalSection(ExtensibilityGlobals) = postSolution
		SolutionGuid = {01D44575-1A6E-4A1F-90FA-A1CB3D0CF687}
	EndGlobalSection
EndGlobal
